// !$*UTF8*$!
{
	archiveVersion = 1;
	classes = {
	};
	objectVersion = 56;
	objects = {

/* Begin PBXBuildFile section */
		154274C72BB1BF440013F483 /* AppDelegate.swift in Sources */ = {isa = PBXBuildFile; fileRef = 154274C62BB1BF440013F483 /* AppDelegate.swift */; };
		154274C92BB1BF440013F483 /* SceneDelegate.swift in Sources */ = {isa = PBXBuildFile; fileRef = 154274C82BB1BF440013F483 /* SceneDelegate.swift */; };
		154274D02BB1BF460013F483 /* Assets.xcassets in Resources */ = {isa = PBXBuildFile; fileRef = 154274CF2BB1BF460013F483 /* Assets.xcassets */; };
		154274D32BB1BF460013F483 /* Base in Resources */ = {isa = PBXBuildFile; fileRef = 154274D22BB1BF460013F483 /* Base */; };
		154274DB2BB1C6BD0013F483 /* CreateGroupViewController.swift in Sources */ = {isa = PBXBuildFile; fileRef = 154274DA2BB1C6BD0013F483 /* CreateGroupViewController.swift */; };
		154274DD2BB1D1ED0013F483 /* ValidationMessageLabel.swift in Sources */ = {isa = PBXBuildFile; fileRef = 154274DC2BB1D1ED0013F483 /* ValidationMessageLabel.swift */; };
		154274DF2BB1D5830013F483 /* GroupPropertyInputField.swift in Sources */ = {isa = PBXBuildFile; fileRef = 154274DE2BB1D5830013F483 /* GroupPropertyInputField.swift */; };
		154274E12BB1E24D0013F483 /* UIConstants.swift in Sources */ = {isa = PBXBuildFile; fileRef = 154274E02BB1E24D0013F483 /* UIConstants.swift */; };
		154274E32BB1E5590013F483 /* CreateGroupViewModel.swift in Sources */ = {isa = PBXBuildFile; fileRef = 154274E22BB1E5590013F483 /* CreateGroupViewModel.swift */; };
		154274E52BB1E9580013F483 /* InfectionModel.swift in Sources */ = {isa = PBXBuildFile; fileRef = 154274E42BB1E9580013F483 /* InfectionModel.swift */; };
		154274E72BB2D0A70013F483 /* ValidationError.swift in Sources */ = {isa = PBXBuildFile; fileRef = 154274E62BB2D0A70013F483 /* ValidationError.swift */; };
		154274E92BB2D5AC0013F483 /* InfectionModelingViewController.swift in Sources */ = {isa = PBXBuildFile; fileRef = 154274E82BB2D5AC0013F483 /* InfectionModelingViewController.swift */; };
		154274EB2BB2F49B0013F483 /* PersonCollectionViewCell.swift in Sources */ = {isa = PBXBuildFile; fileRef = 154274EA2BB2F49B0013F483 /* PersonCollectionViewCell.swift */; };
		154274ED2BB32FE00013F483 /* InfectionModelingViewModel.swift in Sources */ = {isa = PBXBuildFile; fileRef = 154274EC2BB32FE00013F483 /* InfectionModelingViewModel.swift */; };
		154274EF2BB3331C0013F483 /* State.swift in Sources */ = {isa = PBXBuildFile; fileRef = 154274EE2BB3331B0013F483 /* State.swift */; };
		154274F12BB334F60013F483 /* HealthStatus.swift in Sources */ = {isa = PBXBuildFile; fileRef = 154274F02BB334F60013F483 /* HealthStatus.swift */; };
/* End PBXBuildFile section */

/* Begin PBXFileReference section */
		154274C32BB1BF440013F483 /* vk-infection-app.app */ = {isa = PBXFileReference; explicitFileType = wrapper.application; includeInIndex = 0; path = "vk-infection-app.app"; sourceTree = BUILT_PRODUCTS_DIR; };
		154274C62BB1BF440013F483 /* AppDelegate.swift */ = {isa = PBXFileReference; lastKnownFileType = sourcecode.swift; path = AppDelegate.swift; sourceTree = "<group>"; };
		154274C82BB1BF440013F483 /* SceneDelegate.swift */ = {isa = PBXFileReference; lastKnownFileType = sourcecode.swift; path = SceneDelegate.swift; sourceTree = "<group>"; };
		154274CF2BB1BF460013F483 /* Assets.xcassets */ = {isa = PBXFileReference; lastKnownFileType = folder.assetcatalog; path = Assets.xcassets; sourceTree = "<group>"; };
		154274D22BB1BF460013F483 /* Base */ = {isa = PBXFileReference; lastKnownFileType = file.storyboard; name = Base; path = Base.lproj/LaunchScreen.storyboard; sourceTree = "<group>"; };
		154274D42BB1BF460013F483 /* Info.plist */ = {isa = PBXFileReference; lastKnownFileType = text.plist.xml; path = Info.plist; sourceTree = "<group>"; };
		154274DA2BB1C6BD0013F483 /* CreateGroupViewController.swift */ = {isa = PBXFileReference; lastKnownFileType = sourcecode.swift; path = CreateGroupViewController.swift; sourceTree = "<group>"; };
		154274DC2BB1D1ED0013F483 /* ValidationMessageLabel.swift */ = {isa = PBXFileReference; lastKnownFileType = sourcecode.swift; path = ValidationMessageLabel.swift; sourceTree = "<group>"; };
		154274DE2BB1D5830013F483 /* GroupPropertyInputField.swift */ = {isa = PBXFileReference; lastKnownFileType = sourcecode.swift; path = GroupPropertyInputField.swift; sourceTree = "<group>"; };
		154274E02BB1E24D0013F483 /* UIConstants.swift */ = {isa = PBXFileReference; lastKnownFileType = sourcecode.swift; path = UIConstants.swift; sourceTree = "<group>"; };
		154274E22BB1E5590013F483 /* CreateGroupViewModel.swift */ = {isa = PBXFileReference; lastKnownFileType = sourcecode.swift; path = CreateGroupViewModel.swift; sourceTree = "<group>"; };
		154274E42BB1E9580013F483 /* InfectionModel.swift */ = {isa = PBXFileReference; lastKnownFileType = sourcecode.swift; path = InfectionModel.swift; sourceTree = "<group>"; };
		154274E62BB2D0A70013F483 /* ValidationError.swift */ = {isa = PBXFileReference; lastKnownFileType = sourcecode.swift; path = ValidationError.swift; sourceTree = "<group>"; };
		154274E82BB2D5AC0013F483 /* InfectionModelingViewController.swift */ = {isa = PBXFileReference; lastKnownFileType = sourcecode.swift; path = InfectionModelingViewController.swift; sourceTree = "<group>"; };
		154274EA2BB2F49B0013F483 /* PersonCollectionViewCell.swift */ = {isa = PBXFileReference; lastKnownFileType = sourcecode.swift; path = PersonCollectionViewCell.swift; sourceTree = "<group>"; };
		154274EC2BB32FE00013F483 /* InfectionModelingViewModel.swift */ = {isa = PBXFileReference; lastKnownFileType = sourcecode.swift; path = InfectionModelingViewModel.swift; sourceTree = "<group>"; };
		154274EE2BB3331B0013F483 /* State.swift */ = {isa = PBXFileReference; lastKnownFileType = sourcecode.swift; path = State.swift; sourceTree = "<group>"; };
		154274F02BB334F60013F483 /* HealthStatus.swift */ = {isa = PBXFileReference; lastKnownFileType = sourcecode.swift; path = HealthStatus.swift; sourceTree = "<group>"; };
/* End PBXFileReference section */

/* Begin PBXFrameworksBuildPhase section */
		154274C02BB1BF440013F483 /* Frameworks */ = {
			isa = PBXFrameworksBuildPhase;
			buildActionMask = 2147483647;
			files = (
			);
			runOnlyForDeploymentPostprocessing = 0;
		};
/* End PBXFrameworksBuildPhase section */

/* Begin PBXGroup section */
		154274BA2BB1BF440013F483 = {
			isa = PBXGroup;
			children = (
				154274C52BB1BF440013F483 /* vk-infection-app */,
				154274C42BB1BF440013F483 /* Products */,
			);
			sourceTree = "<group>";
		};
		154274C42BB1BF440013F483 /* Products */ = {
			isa = PBXGroup;
			children = (
				154274C32BB1BF440013F483 /* vk-infection-app.app */,
			);
			name = Products;
			sourceTree = "<group>";
		};
		154274C52BB1BF440013F483 /* vk-infection-app */ = {
			isa = PBXGroup;
			children = (
				154274F62BB357520013F483 /* Resources */,
				154274D42BB1BF460013F483 /* Info.plist */,
				154274CF2BB1BF460013F483 /* Assets.xcassets */,
				154274D12BB1BF460013F483 /* LaunchScreen.storyboard */,
			);
			path = "vk-infection-app";
			sourceTree = "<group>";
		};
		154274F22BB356220013F483 /* InfectionModeling */ = {
			isa = PBXGroup;
			children = (
				154274F52BB357290013F483 /* UI */,
				154274EC2BB32FE00013F483 /* InfectionModelingViewModel.swift */,
			);
			path = InfectionModeling;
			sourceTree = "<group>";
		};
		154274F32BB356B30013F483 /* CreateGroup */ = {
			isa = PBXGroup;
			children = (
				154274F42BB356D30013F483 /* UI */,
				154274E22BB1E5590013F483 /* CreateGroupViewModel.swift */,
				154274E62BB2D0A70013F483 /* ValidationError.swift */,
			);
			path = CreateGroup;
			sourceTree = "<group>";
		};
		154274F42BB356D30013F483 /* UI */ = {
			isa = PBXGroup;
			children = (
				154274DE2BB1D5830013F483 /* GroupPropertyInputField.swift */,
				154274DA2BB1C6BD0013F483 /* CreateGroupViewController.swift */,
				154274DC2BB1D1ED0013F483 /* ValidationMessageLabel.swift */,
			);
			path = UI;
			sourceTree = "<group>";
		};
		154274F52BB357290013F483 /* UI */ = {
			isa = PBXGroup;
			children = (
				154274EA2BB2F49B0013F483 /* PersonCollectionViewCell.swift */,
				154274E82BB2D5AC0013F483 /* InfectionModelingViewController.swift */,
			);
			path = UI;
			sourceTree = "<group>";
		};
		154274F62BB357520013F483 /* Resources */ = {
			isa = PBXGroup;
			children = (
				154274F92BB35B8E0013F483 /* Constants */,
				154274F82BB35B710013F483 /* Launch */,
				154274F72BB357BA0013F483 /* Models */,
				154274F22BB356220013F483 /* InfectionModeling */,
				154274F32BB356B30013F483 /* CreateGroup */,
			);
			path = Resources;
			sourceTree = "<group>";
		};
		154274F72BB357BA0013F483 /* Models */ = {
			isa = PBXGroup;
			children = (
				154274E42BB1E9580013F483 /* InfectionModel.swift */,
				154274F02BB334F60013F483 /* HealthStatus.swift */,
				154274EE2BB3331B0013F483 /* State.swift */,
			);
			path = Models;
			sourceTree = "<group>";
		};
		154274F82BB35B710013F483 /* Launch */ = {
			isa = PBXGroup;
			children = (
				154274C82BB1BF440013F483 /* SceneDelegate.swift */,
				154274C62BB1BF440013F483 /* AppDelegate.swift */,
			);
			path = Launch;
			sourceTree = "<group>";
		};
		154274F92BB35B8E0013F483 /* Constants */ = {
			isa = PBXGroup;
			children = (
				154274E02BB1E24D0013F483 /* UIConstants.swift */,
			);
			path = Constants;
			sourceTree = "<group>";
		};
/* End PBXGroup section */

/* Begin PBXNativeTarget section */
		154274C22BB1BF440013F483 /* vk-infection-app */ = {
			isa = PBXNativeTarget;
			buildConfigurationList = 154274D72BB1BF460013F483 /* Build configuration list for PBXNativeTarget "vk-infection-app" */;
			buildPhases = (
				154274BF2BB1BF440013F483 /* Sources */,
				154274C02BB1BF440013F483 /* Frameworks */,
				154274C12BB1BF440013F483 /* Resources */,
			);
			buildRules = (
			);
			dependencies = (
			);
			name = "vk-infection-app";
			productName = "vk-infection-app";
			productReference = 154274C32BB1BF440013F483 /* vk-infection-app.app */;
			productType = "com.apple.product-type.application";
		};
/* End PBXNativeTarget section */

/* Begin PBXProject section */
		154274BB2BB1BF440013F483 /* Project object */ = {
			isa = PBXProject;
			attributes = {
				BuildIndependentTargetsInParallel = 1;
				LastSwiftUpdateCheck = 1530;
				LastUpgradeCheck = 1530;
				TargetAttributes = {
					154274C22BB1BF440013F483 = {
						CreatedOnToolsVersion = 15.3;
					};
				};
			};
			buildConfigurationList = 154274BE2BB1BF440013F483 /* Build configuration list for PBXProject "vk-infection-app" */;
			compatibilityVersion = "Xcode 14.0";
			developmentRegion = en;
			hasScannedForEncodings = 0;
			knownRegions = (
				en,
				Base,
			);
			mainGroup = 154274BA2BB1BF440013F483;
			productRefGroup = 154274C42BB1BF440013F483 /* Products */;
			projectDirPath = "";
			projectRoot = "";
			targets = (
				154274C22BB1BF440013F483 /* vk-infection-app */,
			);
		};
/* End PBXProject section */

/* Begin PBXResourcesBuildPhase section */
		154274C12BB1BF440013F483 /* Resources */ = {
			isa = PBXResourcesBuildPhase;
			buildActionMask = 2147483647;
			files = (
				154274D02BB1BF460013F483 /* Assets.xcassets in Resources */,
				154274D32BB1BF460013F483 /* Base in Resources */,
			);
			runOnlyForDeploymentPostprocessing = 0;
		};
/* End PBXResourcesBuildPhase section */

/* Begin PBXSourcesBuildPhase section */
		154274BF2BB1BF440013F483 /* Sources */ = {
			isa = PBXSourcesBuildPhase;
			buildActionMask = 2147483647;
			files = (
				154274EB2BB2F49B0013F483 /* PersonCollectionViewCell.swift in Sources */,
				154274F12BB334F60013F483 /* HealthStatus.swift in Sources */,
				154274C72BB1BF440013F483 /* AppDelegate.swift in Sources */,
				154274E32BB1E5590013F483 /* CreateGroupViewModel.swift in Sources */,
				154274DF2BB1D5830013F483 /* GroupPropertyInputField.swift in Sources */,
				154274E52BB1E9580013F483 /* InfectionModel.swift in Sources */,
				154274E12BB1E24D0013F483 /* UIConstants.swift in Sources */,
				154274E72BB2D0A70013F483 /* ValidationError.swift in Sources */,
				154274ED2BB32FE00013F483 /* InfectionModelingViewModel.swift in Sources */,
				154274DB2BB1C6BD0013F483 /* CreateGroupViewController.swift in Sources */,
				154274EF2BB3331C0013F483 /* State.swift in Sources */,
				154274E92BB2D5AC0013F483 /* InfectionModelingViewController.swift in Sources */,
				154274DD2BB1D1ED0013F483 /* ValidationMessageLabel.swift in Sources */,
				154274C92BB1BF440013F483 /* SceneDelegate.swift in Sources */,
			);
			runOnlyForDeploymentPostprocessing = 0;
		};
/* End PBXSourcesBuildPhase section */

/* Begin PBXVariantGroup section */
		154274D12BB1BF460013F483 /* LaunchScreen.storyboard */ = {
			isa = PBXVariantGroup;
			children = (
				154274D22BB1BF460013F483 /* Base */,
			);
			name = LaunchScreen.storyboard;
			sourceTree = "<group>";
		};
/* End PBXVariantGroup section */

/* Begin XCBuildConfiguration section */
		154274D52BB1BF460013F483 /* Debug */ = {
			isa = XCBuildConfiguration;
			buildSettings = {
				ALWAYS_SEARCH_USER_PATHS = NO;
				ASSETCATALOG_COMPILER_GENERATE_SWIFT_ASSET_SYMBOL_EXTENSIONS = YES;
				CLANG_ANALYZER_NONNULL = YES;
				CLANG_ANALYZER_NUMBER_OBJECT_CONVERSION = YES_AGGRESSIVE;
				CLANG_CXX_LANGUAGE_STANDARD = "gnu++20";
				CLANG_ENABLE_MODULES = YES;
				CLANG_ENABLE_OBJC_ARC = YES;
				CLANG_ENABLE_OBJC_WEAK = YES;
				CLANG_WARN_BLOCK_CAPTURE_AUTORELEASING = YES;
				CLANG_WARN_BOOL_CONVERSION = YES;
				CLANG_WARN_COMMA = YES;
				CLANG_WARN_CONSTANT_CONVERSION = YES;
				CLANG_WARN_DEPRECATED_OBJC_IMPLEMENTATIONS = YES;
				CLANG_WARN_DIRECT_OBJC_ISA_USAGE = YES_ERROR;
				CLANG_WARN_DOCUMENTATION_COMMENTS = YES;
				CLANG_WARN_EMPTY_BODY = YES;
				CLANG_WARN_ENUM_CONVERSION = YES;
				CLANG_WARN_INFINITE_RECURSION = YES;
				CLANG_WARN_INT_CONVERSION = YES;
				CLANG_WARN_NON_LITERAL_NULL_CONVERSION = YES;
				CLANG_WARN_OBJC_IMPLICIT_RETAIN_SELF = YES;
				CLANG_WARN_OBJC_LITERAL_CONVERSION = YES;
				CLANG_WARN_OBJC_ROOT_CLASS = YES_ERROR;
				CLANG_WARN_QUOTED_INCLUDE_IN_FRAMEWORK_HEADER = YES;
				CLANG_WARN_RANGE_LOOP_ANALYSIS = YES;
				CLANG_WARN_STRICT_PROTOTYPES = YES;
				CLANG_WARN_SUSPICIOUS_MOVE = YES;
				CLANG_WARN_UNGUARDED_AVAILABILITY = YES_AGGRESSIVE;
				CLANG_WARN_UNREACHABLE_CODE = YES;
				CLANG_WARN__DUPLICATE_METHOD_MATCH = YES;
				COPY_PHASE_STRIP = NO;
				DEBUG_INFORMATION_FORMAT = dwarf;
				ENABLE_STRICT_OBJC_MSGSEND = YES;
				ENABLE_TESTABILITY = YES;
				ENABLE_USER_SCRIPT_SANDBOXING = YES;
				GCC_C_LANGUAGE_STANDARD = gnu17;
				GCC_DYNAMIC_NO_PIC = NO;
				GCC_NO_COMMON_BLOCKS = YES;
				GCC_OPTIMIZATION_LEVEL = 0;
				GCC_PREPROCESSOR_DEFINITIONS = (
					"DEBUG=1",
					"$(inherited)",
				);
				GCC_WARN_64_TO_32_BIT_CONVERSION = YES;
				GCC_WARN_ABOUT_RETURN_TYPE = YES_ERROR;
				GCC_WARN_UNDECLARED_SELECTOR = YES;
				GCC_WARN_UNINITIALIZED_AUTOS = YES_AGGRESSIVE;
				GCC_WARN_UNUSED_FUNCTION = YES;
				GCC_WARN_UNUSED_VARIABLE = YES;
				IPHONEOS_DEPLOYMENT_TARGET = 17.4;
				LOCALIZATION_PREFERS_STRING_CATALOGS = YES;
				MTL_ENABLE_DEBUG_INFO = INCLUDE_SOURCE;
				MTL_FAST_MATH = YES;
				ONLY_ACTIVE_ARCH = YES;
				SDKROOT = iphoneos;
				SWIFT_ACTIVE_COMPILATION_CONDITIONS = "DEBUG $(inherited)";
				SWIFT_OPTIMIZATION_LEVEL = "-Onone";
			};
			name = Debug;
		};
		154274D62BB1BF460013F483 /* Release */ = {
			isa = XCBuildConfiguration;
			buildSettings = {
				ALWAYS_SEARCH_USER_PATHS = NO;
				ASSETCATALOG_COMPILER_GENERATE_SWIFT_ASSET_SYMBOL_EXTENSIONS = YES;
				CLANG_ANALYZER_NONNULL = YES;
				CLANG_ANALYZER_NUMBER_OBJECT_CONVERSION = YES_AGGRESSIVE;
				CLANG_CXX_LANGUAGE_STANDARD = "gnu++20";
				CLANG_ENABLE_MODULES = YES;
				CLANG_ENABLE_OBJC_ARC = YES;
				CLANG_ENABLE_OBJC_WEAK = YES;
				CLANG_WARN_BLOCK_CAPTURE_AUTORELEASING = YES;
				CLANG_WARN_BOOL_CONVERSION = YES;
				CLANG_WARN_COMMA = YES;
				CLANG_WARN_CONSTANT_CONVERSION = YES;
				CLANG_WARN_DEPRECATED_OBJC_IMPLEMENTATIONS = YES;
				CLANG_WARN_DIRECT_OBJC_ISA_USAGE = YES_ERROR;
				CLANG_WARN_DOCUMENTATION_COMMENTS = YES;
				CLANG_WARN_EMPTY_BODY = YES;
				CLANG_WARN_ENUM_CONVERSION = YES;
				CLANG_WARN_INFINITE_RECURSION = YES;
				CLANG_WARN_INT_CONVERSION = YES;
				CLANG_WARN_NON_LITERAL_NULL_CONVERSION = YES;
				CLANG_WARN_OBJC_IMPLICIT_RETAIN_SELF = YES;
				CLANG_WARN_OBJC_LITERAL_CONVERSION = YES;
				CLANG_WARN_OBJC_ROOT_CLASS = YES_ERROR;
				CLANG_WARN_QUOTED_INCLUDE_IN_FRAMEWORK_HEADER = YES;
				CLANG_WARN_RANGE_LOOP_ANALYSIS = YES;
				CLANG_WARN_STRICT_PROTOTYPES = YES;
				CLANG_WARN_SUSPICIOUS_MOVE = YES;
				CLANG_WARN_UNGUARDED_AVAILABILITY = YES_AGGRESSIVE;
				CLANG_WARN_UNREACHABLE_CODE = YES;
				CLANG_WARN__DUPLICATE_METHOD_MATCH = YES;
				COPY_PHASE_STRIP = NO;
				DEBUG_INFORMATION_FORMAT = "dwarf-with-dsym";
				ENABLE_NS_ASSERTIONS = NO;
				ENABLE_STRICT_OBJC_MSGSEND = YES;
				ENABLE_USER_SCRIPT_SANDBOXING = YES;
				GCC_C_LANGUAGE_STANDARD = gnu17;
				GCC_NO_COMMON_BLOCKS = YES;
				GCC_WARN_64_TO_32_BIT_CONVERSION = YES;
				GCC_WARN_ABOUT_RETURN_TYPE = YES_ERROR;
				GCC_WARN_UNDECLARED_SELECTOR = YES;
				GCC_WARN_UNINITIALIZED_AUTOS = YES_AGGRESSIVE;
				GCC_WARN_UNUSED_FUNCTION = YES;
				GCC_WARN_UNUSED_VARIABLE = YES;
				IPHONEOS_DEPLOYMENT_TARGET = 17.4;
				LOCALIZATION_PREFERS_STRING_CATALOGS = YES;
				MTL_ENABLE_DEBUG_INFO = NO;
				MTL_FAST_MATH = YES;
				SDKROOT = iphoneos;
				SWIFT_COMPILATION_MODE = wholemodule;
				VALIDATE_PRODUCT = YES;
			};
			name = Release;
		};
		154274D82BB1BF460013F483 /* Debug */ = {
			isa = XCBuildConfiguration;
			buildSettings = {
				ASSETCATALOG_COMPILER_APPICON_NAME = AppIcon;
				ASSETCATALOG_COMPILER_GLOBAL_ACCENT_COLOR_NAME = AccentColor;
				CODE_SIGN_STYLE = Automatic;
				CURRENT_PROJECT_VERSION = 1;
				DEVELOPMENT_TEAM = U6A7ZCG467;
				GENERATE_INFOPLIST_FILE = YES;
				INFOPLIST_FILE = "vk-infection-app/Info.plist";
				INFOPLIST_KEY_UIApplicationSupportsIndirectInputEvents = YES;
				INFOPLIST_KEY_UILaunchStoryboardName = LaunchScreen;
				INFOPLIST_KEY_UISupportedInterfaceOrientations = UIInterfaceOrientationPortrait;
				INFOPLIST_KEY_UISupportedInterfaceOrientations_iPad = "UIInterfaceOrientationLandscapeLeft UIInterfaceOrientationLandscapeRight UIInterfaceOrientationPortrait UIInterfaceOrientationPortraitUpsideDown";
				IPHONEOS_DEPLOYMENT_TARGET = 13.0;
				LD_RUNPATH_SEARCH_PATHS = (
					"$(inherited)",
					"@executable_path/Frameworks",
				);
				MARKETING_VERSION = 1.0;
				PRODUCT_BUNDLE_IDENTIFIER = "com.sofyaol.vk-infection-app";
				PRODUCT_NAME = "$(TARGET_NAME)";
				SUPPORTED_PLATFORMS = "iphoneos iphonesimulator";
				SUPPORTS_MACCATALYST = NO;
				SUPPORTS_MAC_DESIGNED_FOR_IPHONE_IPAD = NO;
				SUPPORTS_XR_DESIGNED_FOR_IPHONE_IPAD = NO;
				SWIFT_EMIT_LOC_STRINGS = YES;
				SWIFT_VERSION = 5.0;
				TARGETED_DEVICE_FAMILY = 1;
			};
			name = Debug;
		};
		154274D92BB1BF460013F483 /* Release */ = {
			isa = XCBuildConfiguration;
			buildSettings = {
				ASSETCATALOG_COMPILER_APPICON_NAME = AppIcon;
				ASSETCATALOG_COMPILER_GLOBAL_ACCENT_COLOR_NAME = AccentColor;
				CODE_SIGN_STYLE = Automatic;
				CURRENT_PROJECT_VERSION = 1;
				DEVELOPMENT_TEAM = U6A7ZCG467;
				GENERATE_INFOPLIST_FILE = YES;
				INFOPLIST_FILE = "vk-infection-app/Info.plist";
				INFOPLIST_KEY_UIApplicationSupportsIndirectInputEvents = YES;
				INFOPLIST_KEY_UILaunchStoryboardName = LaunchScreen;
				INFOPLIST_KEY_UISupportedInterfaceOrientations = UIInterfaceOrientationPortrait;
				INFOPLIST_KEY_UISupportedInterfaceOrientations_iPad = "UIInterfaceOrientationLandscapeLeft UIInterfaceOrientationLandscapeRight UIInterfaceOrientationPortrait UIInterfaceOrientationPortraitUpsideDown";
				IPHONEOS_DEPLOYMENT_TARGET = 13.0;
				LD_RUNPATH_SEARCH_PATHS = (
					"$(inherited)",
					"@executable_path/Frameworks",
				);
				MARKETING_VERSION = 1.0;
				PRODUCT_BUNDLE_IDENTIFIER = "com.sofyaol.vk-infection-app";
				PRODUCT_NAME = "$(TARGET_NAME)";
				SUPPORTED_PLATFORMS = "iphoneos iphonesimulator";
				SUPPORTS_MACCATALYST = NO;
				SUPPORTS_MAC_DESIGNED_FOR_IPHONE_IPAD = NO;
				SUPPORTS_XR_DESIGNED_FOR_IPHONE_IPAD = NO;
				SWIFT_EMIT_LOC_STRINGS = YES;
				SWIFT_VERSION = 5.0;
				TARGETED_DEVICE_FAMILY = 1;
			};
			name = Release;
		};
/* End XCBuildConfiguration section */

/* Begin XCConfigurationList section */
		154274BE2BB1BF440013F483 /* Build configuration list for PBXProject "vk-infection-app" */ = {
			isa = XCConfigurationList;
			buildConfigurations = (
				154274D52BB1BF460013F483 /* Debug */,
				154274D62BB1BF460013F483 /* Release */,
			);
			defaultConfigurationIsVisible = 0;
			defaultConfigurationName = Release;
		};
		154274D72BB1BF460013F483 /* Build configuration list for PBXNativeTarget "vk-infection-app" */ = {
			isa = XCConfigurationList;
			buildConfigurations = (
				154274D82BB1BF460013F483 /* Debug */,
				154274D92BB1BF460013F483 /* Release */,
			);
			defaultConfigurationIsVisible = 0;
			defaultConfigurationName = Release;
		};
/* End XCConfigurationList section */
	};
	rootObject = 154274BB2BB1BF440013F483 /* Project object */;
}
